
Microsoft Visual Studio Solution File, Format Version 12.00
# Visual Studio 15
VisualStudioVersion = 15.0.28307.1585
MinimumVisualStudioVersion = 10.0.40219.1
Project("{8BC9CEB8-8B4A-11D0-8D11-00A0C91BC942}") = "DS10_2", "DS10_2\DS10_2.vcxproj", "{44F815CE-04D6-46F5-94A8-B4E1767C556F}"
EndProject
Global
	GlobalSection(SolutionConfigurationPlatforms) = preSolution
		Debug|x64 = Debug|x64
		Debug|x86 = Debug|x86
		Release|x64 = Release|x64
		Release|x86 = Release|x86
	EndGlobalSection
	GlobalSection(ProjectConfigurationPlatforms) = postSolution
		{44F815CE-04D6-46F5-94A8-B4E1767C556F}.Debug|x64.ActiveCfg = Debug|x64
		{44F815CE-04D6-46F5-94A8-B4E1767C556F}.Debug|x64.Build.0 = Debug|x64
		{44F815CE-04D6-46F5-94A8-B4E1767C556F}.Debug|x86.ActiveCfg = Debug|Win32
		{44F815CE-04D6-46F5-94A8-B4E1767C556F}.Debug|x86.Build.0 = Debug|Win32
		{44F815CE-04D6-46F5-94A8-B4E1767C556F}.Release|x64.ActiveCfg = Release|x64
		{44F815CE-04D6-46F5-94A8-B4E1767C556F}.Release|x64.Build.0 = Release|x64
		{44F815CE-04D6-46F5-94A8-B4E1767C556F}.Release|x86.ActiveCfg = Release|Win32
		{44F815CE-04D6-46F5-94A8-B4E1767C556F}.Release|x86.Build.0 = Release|Win32
	EndGlobalSection
	GlobalSection(SolutionProperties) = preSolution
		HideSolutionNode = FALSE
	EndGlobalSection
	GlobalSection(ExtensibilityGlobals) = postSolution
		SolutionGuid = {3CA7C9E0-CEEC-44CE-B2FC-90873E2B35AE}
	EndGlobalSection
EndGlobal
