
Microsoft Visual Studio Solution File, Format Version 12.00
# Visual Studio 15
VisualStudioVersion = 15.0.28307.1585
MinimumVisualStudioVersion = 10.0.40219.1
Project("{8BC9CEB8-8B4A-11D0-8D11-00A0C91BC942}") = "DS9_railroad_with_no_queue", "DS9_railroad_with_no_queue\DS9_railroad_with_no_queue.vcxproj", "{2B260103-32D3-49D0-AA01-B35BED5CC058}"
EndProject
Global
	GlobalSection(SolutionConfigurationPlatforms) = preSolution
		Debug|x64 = Debug|x64
		Debug|x86 = Debug|x86
		Release|x64 = Release|x64
		Release|x86 = Release|x86
	EndGlobalSection
	GlobalSection(ProjectConfigurationPlatforms) = postSolution
		{2B260103-32D3-49D0-AA01-B35BED5CC058}.Debug|x64.ActiveCfg = Debug|x64
		{2B260103-32D3-49D0-AA01-B35BED5CC058}.Debug|x64.Build.0 = Debug|x64
		{2B260103-32D3-49D0-AA01-B35BED5CC058}.Debug|x86.ActiveCfg = Debug|Win32
		{2B260103-32D3-49D0-AA01-B35BED5CC058}.Debug|x86.Build.0 = Debug|Win32
		{2B260103-32D3-49D0-AA01-B35BED5CC058}.Release|x64.ActiveCfg = Release|x64
		{2B260103-32D3-49D0-AA01-B35BED5CC058}.Release|x64.Build.0 = Release|x64
		{2B260103-32D3-49D0-AA01-B35BED5CC058}.Release|x86.ActiveCfg = Release|Win32
		{2B260103-32D3-49D0-AA01-B35BED5CC058}.Release|x86.Build.0 = Release|Win32
	EndGlobalSection
	GlobalSection(SolutionProperties) = preSolution
		HideSolutionNode = FALSE
	EndGlobalSection
	GlobalSection(ExtensibilityGlobals) = postSolution
		SolutionGuid = {4AACDC75-559C-4A26-9D69-D1A5CB66E403}
	EndGlobalSection
EndGlobal
